
Microsoft Visual Studio Solution File, Format Version 12.00
# Visual Studio 2013
VisualStudioVersion = 12.0.31101.0
MinimumVisualStudioVersion = 10.0.40219.1
Project("{FAE04EC0-301F-11D3-BF4B-00C04F79EFBC}") = "NetduinoBot", "NetduinoBot\NetduinoBot.csproj", "{695D1D68-4DB3-42EC-9A23-B42D83236520}"
EndProject
Project("{FAE04EC0-301F-11D3-BF4B-00C04F79EFBC}") = "NetduinoBot.Libraries.Tests", "NetduinoBot.Libraries.Tests\NetduinoBot.Libraries.Tests.csproj", "{AC3CA6BB-22A1-4902-AFC5-85521241EC20}"
EndProject
Project("{FAE04EC0-301F-11D3-BF4B-00C04F79EFBC}") = "NetduinoBot.Libraries", "NetduinoBot.Libraries\NetduinoBot.Libraries.csproj", "{B500CAC2-448E-467E-83FA-067FC32C17E1}"
EndProject
Global
	GlobalSection(SolutionConfigurationPlatforms) = preSolution
		Debug|Any CPU = Debug|Any CPU
		Release|Any CPU = Release|Any CPU
	EndGlobalSection
	GlobalSection(ProjectConfigurationPlatforms) = postSolution
		{695D1D68-4DB3-42EC-9A23-B42D83236520}.Debug|Any CPU.ActiveCfg = Debug|Any CPU
		{695D1D68-4DB3-42EC-9A23-B42D83236520}.Debug|Any CPU.Build.0 = Debug|Any CPU
		{695D1D68-4DB3-42EC-9A23-B42D83236520}.Debug|Any CPU.Deploy.0 = Debug|Any CPU
		{695D1D68-4DB3-42EC-9A23-B42D83236520}.Release|Any CPU.ActiveCfg = Release|Any CPU
		{695D1D68-4DB3-42EC-9A23-B42D83236520}.Release|Any CPU.Build.0 = Release|Any CPU
		{695D1D68-4DB3-42EC-9A23-B42D83236520}.Release|Any CPU.Deploy.0 = Release|Any CPU
		{AC3CA6BB-22A1-4902-AFC5-85521241EC20}.Debug|Any CPU.ActiveCfg = Debug|Any CPU
		{AC3CA6BB-22A1-4902-AFC5-85521241EC20}.Debug|Any CPU.Build.0 = Debug|Any CPU
		{AC3CA6BB-22A1-4902-AFC5-85521241EC20}.Debug|Any CPU.Deploy.0 = Debug|Any CPU
		{AC3CA6BB-22A1-4902-AFC5-85521241EC20}.Release|Any CPU.ActiveCfg = Release|Any CPU
		{AC3CA6BB-22A1-4902-AFC5-85521241EC20}.Release|Any CPU.Build.0 = Release|Any CPU
		{AC3CA6BB-22A1-4902-AFC5-85521241EC20}.Release|Any CPU.Deploy.0 = Release|Any CPU
		{B500CAC2-448E-467E-83FA-067FC32C17E1}.Debug|Any CPU.ActiveCfg = Debug|Any CPU
		{B500CAC2-448E-467E-83FA-067FC32C17E1}.Debug|Any CPU.Build.0 = Debug|Any CPU
		{B500CAC2-448E-467E-83FA-067FC32C17E1}.Release|Any CPU.ActiveCfg = Release|Any CPU
		{B500CAC2-448E-467E-83FA-067FC32C17E1}.Release|Any CPU.Build.0 = Release|Any CPU
	EndGlobalSection
	GlobalSection(SolutionProperties) = preSolution
		HideSolutionNode = FALSE
	EndGlobalSection
EndGlobal
